# This file is automatically @generated by Cargo.
# It is not intended for manual editing.
version = 4

[[package]]
name = "kachedb-cli"
version = "0.1.0"

[[package]]
name = "kachedb-core"
version = "0.1.0"

[[package]]
name = "kachedb-hash"
version = "0.1.0"

[[package]]
name = "kachedb-net"
version = "0.1.0"

[[package]]
name = "kachedb-proto-resp"
version = "0.1.0"

[[package]]
name = "kachedb-proto-tensor"
version = "0.1.0"

[[package]]
name = "kachedb-radix"
version = "0.1.0"

[[package]]
name = "kachedb-server"
version = "0.1.0"

[[package]]
name = "kachedb-shm"
version = "0.1.0"
